
Microsoft Visual Studio Solution File, Format Version 12.00
# Visual Studio Version 17
VisualStudioVersion = 17.7.34202.233
MinimumVisualStudioVersion = 10.0.40219.1
Project("{8BC9CEB8-8B4A-11D0-8D11-00A0C91BC942}") = "OOP_Lab_03.3E", "OOP_Lab_03.3E.vcxproj", "{3072CEAF-BADE-4A54-9771-1942AFF4B08C}"
EndProject
Project("{8BC9CEB8-8B4A-11D0-8D11-00A0C91BC942}") = "UnitTest_3.3E", "..\UnitTest_3.3E\UnitTest_3.3E.vcxproj", "{00322671-C020-407B-B9D3-ADC2FDD02C8A}"
EndProject
Global
	GlobalSection(SolutionConfigurationPlatforms) = preSolution
		Debug|x64 = Debug|x64
		Debug|x86 = Debug|x86
		Release|x64 = Release|x64
		Release|x86 = Release|x86
	EndGlobalSection
	GlobalSection(ProjectConfigurationPlatforms) = postSolution
		{3072CEAF-BADE-4A54-9771-1942AFF4B08C}.Debug|x64.ActiveCfg = Debug|x64
		{3072CEAF-BADE-4A54-9771-1942AFF4B08C}.Debug|x64.Build.0 = Debug|x64
		{3072CEAF-BADE-4A54-9771-1942AFF4B08C}.Debug|x86.ActiveCfg = Debug|Win32
		{3072CEAF-BADE-4A54-9771-1942AFF4B08C}.Debug|x86.Build.0 = Debug|Win32
		{3072CEAF-BADE-4A54-9771-1942AFF4B08C}.Release|x64.ActiveCfg = Release|x64
		{3072CEAF-BADE-4A54-9771-1942AFF4B08C}.Release|x64.Build.0 = Release|x64
		{3072CEAF-BADE-4A54-9771-1942AFF4B08C}.Release|x86.ActiveCfg = Release|Win32
		{3072CEAF-BADE-4A54-9771-1942AFF4B08C}.Release|x86.Build.0 = Release|Win32
		{00322671-C020-407B-B9D3-ADC2FDD02C8A}.Debug|x64.ActiveCfg = Debug|x64
		{00322671-C020-407B-B9D3-ADC2FDD02C8A}.Debug|x64.Build.0 = Debug|x64
		{00322671-C020-407B-B9D3-ADC2FDD02C8A}.Debug|x86.ActiveCfg = Debug|Win32
		{00322671-C020-407B-B9D3-ADC2FDD02C8A}.Debug|x86.Build.0 = Debug|Win32
		{00322671-C020-407B-B9D3-ADC2FDD02C8A}.Release|x64.ActiveCfg = Release|x64
		{00322671-C020-407B-B9D3-ADC2FDD02C8A}.Release|x64.Build.0 = Release|x64
		{00322671-C020-407B-B9D3-ADC2FDD02C8A}.Release|x86.ActiveCfg = Release|Win32
		{00322671-C020-407B-B9D3-ADC2FDD02C8A}.Release|x86.Build.0 = Release|Win32
	EndGlobalSection
	GlobalSection(SolutionProperties) = preSolution
		HideSolutionNode = FALSE
	EndGlobalSection
	GlobalSection(ExtensibilityGlobals) = postSolution
		SolutionGuid = {70296333-934A-4EC6-A0BC-6BDAC51666D3}
	EndGlobalSection
EndGlobal
